# This file is automatically @generated by Cargo.
# It is not intended for manual editing.
version = 4

[[package]]
name = "reliquary"
version = "0.1.0"

[[package]]
name = "reliquary-cli"
version = "0.1.0"
dependencies = [
 "reliquary",
]

[[package]]
name = "reliquary-tui"
version = "0.1.0"
dependencies = [
 "reliquary",
]

[[package]]
name = "reliquary-web"
version = "0.1.0"
dependencies = [
 "reliquary",
]
